
Microsoft Visual Studio Solution File, Format Version 12.00
# Visual Studio Version 17
VisualStudioVersion = 17.12.35506.116 d17.12
MinimumVisualStudioVersion = 10.0.40219.1
Project("{FAE04EC0-301F-11D3-BF4B-00C04F79EFBC}") = "Для курсача.Android", "Для курсача.Android\Для курсача.Android.csproj", "{37EEC477-697F-4B7E-9507-8EBAB8AB2F75}"
EndProject
Project("{FAE04EC0-301F-11D3-BF4B-00C04F79EFBC}") = "Для курсача.iOS", "Для курсача.iOS\Для курсача.iOS.csproj", "{8F824A43-4B74-4134-A796-F5377A489BAE}"
EndProject
Project("{FAE04EC0-301F-11D3-BF4B-00C04F79EFBC}") = "Для курсача", "Для курсача\Для курсача.csproj", "{F580CEFA-D090-4C43-A5D8-76F1003CB307}"
EndProject
Global
	GlobalSection(SolutionConfigurationPlatforms) = preSolution
		Debug|Any CPU = Debug|Any CPU
		Release|Any CPU = Release|Any CPU
	EndGlobalSection
	GlobalSection(ProjectConfigurationPlatforms) = postSolution
		{37EEC477-697F-4B7E-9507-8EBAB8AB2F75}.Debug|Any CPU.ActiveCfg = Debug|Any CPU
		{37EEC477-697F-4B7E-9507-8EBAB8AB2F75}.Debug|Any CPU.Build.0 = Debug|Any CPU
		{37EEC477-697F-4B7E-9507-8EBAB8AB2F75}.Debug|Any CPU.Deploy.0 = Debug|Any CPU
		{37EEC477-697F-4B7E-9507-8EBAB8AB2F75}.Release|Any CPU.ActiveCfg = Release|Any CPU
		{37EEC477-697F-4B7E-9507-8EBAB8AB2F75}.Release|Any CPU.Build.0 = Release|Any CPU
		{37EEC477-697F-4B7E-9507-8EBAB8AB2F75}.Release|Any CPU.Deploy.0 = Release|Any CPU
		{8F824A43-4B74-4134-A796-F5377A489BAE}.Debug|Any CPU.ActiveCfg = Debug|iPhone
		{8F824A43-4B74-4134-A796-F5377A489BAE}.Debug|Any CPU.Build.0 = Debug|iPhone
		{8F824A43-4B74-4134-A796-F5377A489BAE}.Debug|Any CPU.Deploy.0 = Debug|iPhone
		{8F824A43-4B74-4134-A796-F5377A489BAE}.Release|Any CPU.ActiveCfg = Release|iPhoneSimulator
		{8F824A43-4B74-4134-A796-F5377A489BAE}.Release|Any CPU.Build.0 = Release|iPhoneSimulator
		{8F824A43-4B74-4134-A796-F5377A489BAE}.Release|Any CPU.Deploy.0 = Release|iPhoneSimulator
		{F580CEFA-D090-4C43-A5D8-76F1003CB307}.Debug|Any CPU.ActiveCfg = Debug|Any CPU
		{F580CEFA-D090-4C43-A5D8-76F1003CB307}.Debug|Any CPU.Build.0 = Debug|Any CPU
		{F580CEFA-D090-4C43-A5D8-76F1003CB307}.Debug|Any CPU.Deploy.0 = Debug|Any CPU
		{F580CEFA-D090-4C43-A5D8-76F1003CB307}.Release|Any CPU.ActiveCfg = Release|Any CPU
		{F580CEFA-D090-4C43-A5D8-76F1003CB307}.Release|Any CPU.Build.0 = Release|Any CPU
		{F580CEFA-D090-4C43-A5D8-76F1003CB307}.Release|Any CPU.Deploy.0 = Release|Any CPU
	EndGlobalSection
	GlobalSection(SolutionProperties) = preSolution
		HideSolutionNode = FALSE
	EndGlobalSection
EndGlobal
